
Microsoft Visual Studio Solution File, Format Version 12.00
# Visual Studio Version 17
VisualStudioVersion = 17.0.31903.59
MinimumVisualStudioVersion = 10.0.40219.1
Project("{FAE04EC0-301F-11D3-BF4B-00C04F79EFBC}") = "EcommerceAngularProject", "EcommerceAngularProject.csproj", "{3C182212-E25C-40B8-9905-B9B7F2CB0199}"
EndProject
Global
	GlobalSection(SolutionConfigurationPlatforms) = preSolution
		Debug|Any CPU = Debug|Any CPU
		Release|Any CPU = Release|Any CPU
	EndGlobalSection
	GlobalSection(ProjectConfigurationPlatforms) = postSolution
		{3C182212-E25C-40B8-9905-B9B7F2CB0199}.Debug|Any CPU.ActiveCfg = Debug|Any CPU
		{3C182212-E25C-40B8-9905-B9B7F2CB0199}.Debug|Any CPU.Build.0 = Debug|Any CPU
		{3C182212-E25C-40B8-9905-B9B7F2CB0199}.Release|Any CPU.ActiveCfg = Release|Any CPU
		{3C182212-E25C-40B8-9905-B9B7F2CB0199}.Release|Any CPU.Build.0 = Release|Any CPU
	EndGlobalSection
	GlobalSection(SolutionProperties) = preSolution
		HideSolutionNode = FALSE
	EndGlobalSection
	GlobalSection(ExtensibilityGlobals) = postSolution
		SolutionGuid = {6D724C53-66D1-4252-BF0B-CD6E87163945}
	EndGlobalSection
EndGlobal
